
Microsoft Visual Studio Solution File, Format Version 11.00
# Visual Studio 2010
Project("{FAE04EC0-301F-11D3-BF4B-00C04F79EFBC}") = "Assembly-CSharp", "Assembly-CSharp.csproj", "{acdc35cd-269d-ce81-cca4-eeeeb63f128d}"
EndProject
Global
	GlobalSection(SolutionConfigurationPlatforms) = preSolution
		Debug|Any CPU = Debug|Any CPU
		Release|Any CPU = Release|Any CPU
	EndGlobalSection
	GlobalSection(ProjectConfigurationPlatforms) = postSolution
		{acdc35cd-269d-ce81-cca4-eeeeb63f128d}.Debug|Any CPU.ActiveCfg = Debug|Any CPU
		{acdc35cd-269d-ce81-cca4-eeeeb63f128d}.Debug|Any CPU.Build.0 = Debug|Any CPU
		{acdc35cd-269d-ce81-cca4-eeeeb63f128d}.Release|Any CPU.ActiveCfg = Release|Any CPU
		{acdc35cd-269d-ce81-cca4-eeeeb63f128d}.Release|Any CPU.Build.0 = Release|Any CPU
	EndGlobalSection
	GlobalSection(SolutionProperties) = preSolution
		HideSolutionNode = FALSE
	EndGlobalSection
EndGlobal
